<Solution>
  <Project Path="ISO20022.Definitions/ISO20022.Definitions.csproj" Id="f99e646c-ba5b-4816-b1db-2cd66f8d4cde" />
  <Project Path="ISO20022.Tests/ISO20022.Tests.csproj" Id="bf00e7a5-2b19-4968-8df1-c04affeae30c" />
  <Project Path="ISO20022_processor_net10/ISO20022_processor_net10.csproj" />
  <Project Path="Pipeline.Abstract/Pipeline.Abstract.csproj" />
  <Project Path="Pipeline.Implementation/Pipeline.Implementation.csproj" />
  <Project Path="Pipeline.Tests/Pipeline.Tests.csproj" />
</Solution>
